# This file is automatically @generated by Wally.
# It is not intended for manual editing.
registry = "test"

[[package]]
name = "ddust1n/zoneplus"
version = "3.2.5"
dependencies = []

[[package]]
name = "evaera/promise"
version = "4.0.0"
dependencies = []

[[package]]
name = "maze-world/maze-world"
version = "0.1.0"
dependencies = [["DataStore2", "stoozey/datastore2@1.4.4"], ["Knit", "sleitnick/knit@1.7.0"], ["Promise", "evaera/promise@4.0.0"], ["Roact", "roblox/roact@1.4.4"], ["RoactRodux", "roblox/roact-rodux@0.5.1"], ["Rodux", "roblox/rodux@3.0.0"], ["ZonePlus", "ddust1n/zoneplus@3.2.5"], ["t", "osyrisrblx/t@3.1.1"]]

[[package]]
name = "osyrisrblx/t"
version = "3.1.1"
dependencies = []

[[package]]
name = "roblox/roact"
version = "1.4.4"
dependencies = []

[[package]]
name = "roblox/roact-rodux"
version = "0.5.1"
dependencies = [["Roact", "roblox/roact@1.4.4"], ["Rodux", "roblox/rodux@4.0.0-rc.0"]]

[[package]]
name = "roblox/rodux"
version = "3.0.0"
dependencies = []

[[package]]
name = "roblox/rodux"
version = "4.0.0-rc.0"
dependencies = []

[[package]]
name = "sleitnick/comm"
version = "1.0.1"
dependencies = [["Option", "sleitnick/option@1.0.5"], ["Promise", "evaera/promise@4.0.0"], ["Signal", "sleitnick/signal@2.0.3"]]

[[package]]
name = "sleitnick/knit"
version = "1.7.0"
dependencies = [["Comm", "sleitnick/comm@1.0.1"], ["Promise", "evaera/promise@4.0.0"]]

[[package]]
name = "sleitnick/option"
version = "1.0.5"
dependencies = []

[[package]]
name = "sleitnick/signal"
version = "2.0.3"
dependencies = []

[[package]]
name = "stoozey/datastore2"
version = "1.4.4"
dependencies = []
